{
  "requires": true,
  "lockfileVersion": 1,
  "dependencies": {
    "postinstall-postinstall": {
      "version": "2.0.0",
      "resolved": "https://registry.npmjs.org/postinstall-postinstall/-/postinstall-postinstall-2.0.0.tgz",
      "integrity": "sha512-3f6qWexsHiT4WKtZc5DRb0FPLilHtARi5KpY4fqban/DJNn8/YhZH8U7dVKVz51WbOxEnR31gV+qYQhvEdHtdQ==",
      "dev": true
    },
    "wtfnode": {
      "version": "0.8.0",
      "resolved": "https://registry.npmjs.org/wtfnode/-/wtfnode-0.8.0.tgz",
      "integrity": "sha512-A5jm/0REykxUac1q4Q5kv+hDIiacvqVpwIoXzCQcRL7syeEKucVVOxyLLrt+jIiZoXfla3lnsxUw/cmWXIaGWA=="
    }
  }
}
