# THIS IS AN AUTOGENERATED FILE. DO NOT EDIT THIS FILE DIRECTLY.
# yarn lockfile v1


postinstall-postinstall@^2.0.0:
  version "2.0.0"
  resolved "https://registry.yarnpkg.com/postinstall-postinstall/-/postinstall-postinstall-2.0.0.tgz#7ba6711b4420575c4f561638836a81faad47f43f"
  integrity sha512-3f6qWexsHiT4WKtZc5DRb0FPLilHtARi5KpY4fqban/DJNn8/YhZH8U7dVKVz51WbOxEnR31gV+qYQhvEdHtdQ==
